
Microsoft Visual Studio Solution File, Format Version 12.00
# Visual Studio Version 16
VisualStudioVersion = 16.0.30413.136
MinimumVisualStudioVersion = 10.0.40219.1
Project("{FAE04EC0-301F-11D3-BF4B-00C04F79EFBC}") = "get-started-debugging", "get-started-debugging\get-started-debugging.csproj", "{BBBB5222-5124-445A-8FB7-EB24C61656FB}"
EndProject
Project("{FAE04EC0-301F-11D3-BF4B-00C04F79EFBC}") = "Console_Parse_JSON", "Console_Parse_JSON\Console_Parse_JSON.csproj", "{76BB081E-9E56-4CC4-B31C-8F9F82E29FF7}"
EndProject
Global
	GlobalSection(SolutionConfigurationPlatforms) = preSolution
		Debug|Any CPU = Debug|Any CPU
		Release|Any CPU = Release|Any CPU
	EndGlobalSection
	GlobalSection(ProjectConfigurationPlatforms) = postSolution
		{BBBB5222-5124-445A-8FB7-EB24C61656FB}.Debug|Any CPU.ActiveCfg = Debug|Any CPU
		{BBBB5222-5124-445A-8FB7-EB24C61656FB}.Debug|Any CPU.Build.0 = Debug|Any CPU
		{BBBB5222-5124-445A-8FB7-EB24C61656FB}.Release|Any CPU.ActiveCfg = Release|Any CPU
		{BBBB5222-5124-445A-8FB7-EB24C61656FB}.Release|Any CPU.Build.0 = Release|Any CPU
		{76BB081E-9E56-4CC4-B31C-8F9F82E29FF7}.Debug|Any CPU.ActiveCfg = Debug|Any CPU
		{76BB081E-9E56-4CC4-B31C-8F9F82E29FF7}.Debug|Any CPU.Build.0 = Debug|Any CPU
		{76BB081E-9E56-4CC4-B31C-8F9F82E29FF7}.Release|Any CPU.ActiveCfg = Release|Any CPU
		{76BB081E-9E56-4CC4-B31C-8F9F82E29FF7}.Release|Any CPU.Build.0 = Release|Any CPU
	EndGlobalSection
	GlobalSection(SolutionProperties) = preSolution
		HideSolutionNode = FALSE
	EndGlobalSection
	GlobalSection(ExtensibilityGlobals) = postSolution
		SolutionGuid = {76BADEC4-DEB8-449C-8E84-452A464693EF}
	EndGlobalSection
EndGlobal
