
Microsoft Visual Studio Solution File, Format Version 12.00
# Visual Studio Version 16
VisualStudioVersion = 16.0.30413.136
MinimumVisualStudioVersion = 10.0.40219.1
Project("{FAE04EC0-301F-11D3-BF4B-00C04F79EFBC}") = "Greeting", "HelloWorld\Greeting.csproj", "{432CF71E-D551-44C9-9143-3A968F388734}"
EndProject
Global
	GlobalSection(SolutionConfigurationPlatforms) = preSolution
		Debug|Any CPU = Debug|Any CPU
		Release|Any CPU = Release|Any CPU
	EndGlobalSection
	GlobalSection(ProjectConfigurationPlatforms) = postSolution
		{432CF71E-D551-44C9-9143-3A968F388734}.Debug|Any CPU.ActiveCfg = Debug|Any CPU
		{432CF71E-D551-44C9-9143-3A968F388734}.Debug|Any CPU.Build.0 = Debug|Any CPU
		{432CF71E-D551-44C9-9143-3A968F388734}.Release|Any CPU.ActiveCfg = Release|Any CPU
		{432CF71E-D551-44C9-9143-3A968F388734}.Release|Any CPU.Build.0 = Release|Any CPU
	EndGlobalSection
	GlobalSection(SolutionProperties) = preSolution
		HideSolutionNode = FALSE
	EndGlobalSection
	GlobalSection(ExtensibilityGlobals) = postSolution
		SolutionGuid = {EF674C99-52AD-442C-B7B2-2645D5ECA75B}
	EndGlobalSection
EndGlobal
