
Microsoft Visual Studio Solution File, Format Version 12.00
# Visual Studio Version 16
VisualStudioVersion = 16.0.31005.135
MinimumVisualStudioVersion = 10.0.40219.1
Project("{9A19103F-16F7-4668-BE54-9A1E7A4F7556}") = "DynamicLinqExpressions", "DynamicLinqExpressions\DynamicLinqExpressions.csproj", "{19ABDB47-98E6-454D-A73C-98F0DA5A9901}"
EndProject
Project("{FAE04EC0-301F-11D3-BF4B-00C04F79EFBC}") = "DynamicLinqExpressionsTests", "DynamicLinqExpressionsTests\DynamicLinqExpressionsTests.csproj", "{C9EB57CB-2FA5-498C-9BB5-9D08E8B38A32}"
EndProject
Global
	GlobalSection(SolutionConfigurationPlatforms) = preSolution
		Debug|Any CPU = Debug|Any CPU
		Release|Any CPU = Release|Any CPU
	EndGlobalSection
	GlobalSection(ProjectConfigurationPlatforms) = postSolution
		{19ABDB47-98E6-454D-A73C-98F0DA5A9901}.Debug|Any CPU.ActiveCfg = Debug|Any CPU
		{19ABDB47-98E6-454D-A73C-98F0DA5A9901}.Debug|Any CPU.Build.0 = Debug|Any CPU
		{19ABDB47-98E6-454D-A73C-98F0DA5A9901}.Release|Any CPU.ActiveCfg = Release|Any CPU
		{19ABDB47-98E6-454D-A73C-98F0DA5A9901}.Release|Any CPU.Build.0 = Release|Any CPU
		{C9EB57CB-2FA5-498C-9BB5-9D08E8B38A32}.Debug|Any CPU.ActiveCfg = Debug|Any CPU
		{C9EB57CB-2FA5-498C-9BB5-9D08E8B38A32}.Debug|Any CPU.Build.0 = Debug|Any CPU
		{C9EB57CB-2FA5-498C-9BB5-9D08E8B38A32}.Release|Any CPU.ActiveCfg = Release|Any CPU
		{C9EB57CB-2FA5-498C-9BB5-9D08E8B38A32}.Release|Any CPU.Build.0 = Release|Any CPU
	EndGlobalSection
	GlobalSection(SolutionProperties) = preSolution
		HideSolutionNode = FALSE
	EndGlobalSection
	GlobalSection(ExtensibilityGlobals) = postSolution
		SolutionGuid = {A2000542-352E-4DFE-97B7-091EA1A7F2B7}
	EndGlobalSection
EndGlobal
