
Microsoft Visual Studio Solution File, Format Version 12.00
# Visual Studio Version 16
VisualStudioVersion = 16.0.31025.194
MinimumVisualStudioVersion = 10.0.40219.1
Project("{FAE04EC0-301F-11D3-BF4B-00C04F79EFBC}") = "StudentsTestsResultsBrowser", "StudentsTestsResultsBrowser\StudentsTestsResultsBrowser.csproj", "{996CB310-5A16-4283-AB87-DBE254070051}"
EndProject
Project("{FAE04EC0-301F-11D3-BF4B-00C04F79EFBC}") = "BinarySearchTreeTask", "BinarySearchTreeTask\BinarySearchTreeTask.csproj", "{EB05BE68-D894-4814-B8B8-291C90214FA4}"
EndProject
Project("{FAE04EC0-301F-11D3-BF4B-00C04F79EFBC}") = "DynamicLinqExpressions", "DynamicLinqExpressions\DynamicLinqExpressions.csproj", "{642576D2-03F1-49B1-95D5-EA45A680F76E}"
EndProject
Global
	GlobalSection(SolutionConfigurationPlatforms) = preSolution
		Debug|Any CPU = Debug|Any CPU
		Release|Any CPU = Release|Any CPU
	EndGlobalSection
	GlobalSection(ProjectConfigurationPlatforms) = postSolution
		{996CB310-5A16-4283-AB87-DBE254070051}.Debug|Any CPU.ActiveCfg = Debug|Any CPU
		{996CB310-5A16-4283-AB87-DBE254070051}.Debug|Any CPU.Build.0 = Debug|Any CPU
		{996CB310-5A16-4283-AB87-DBE254070051}.Release|Any CPU.ActiveCfg = Release|Any CPU
		{996CB310-5A16-4283-AB87-DBE254070051}.Release|Any CPU.Build.0 = Release|Any CPU
		{EB05BE68-D894-4814-B8B8-291C90214FA4}.Debug|Any CPU.ActiveCfg = Debug|Any CPU
		{EB05BE68-D894-4814-B8B8-291C90214FA4}.Debug|Any CPU.Build.0 = Debug|Any CPU
		{EB05BE68-D894-4814-B8B8-291C90214FA4}.Release|Any CPU.ActiveCfg = Release|Any CPU
		{EB05BE68-D894-4814-B8B8-291C90214FA4}.Release|Any CPU.Build.0 = Release|Any CPU
		{642576D2-03F1-49B1-95D5-EA45A680F76E}.Debug|Any CPU.ActiveCfg = Debug|Any CPU
		{642576D2-03F1-49B1-95D5-EA45A680F76E}.Debug|Any CPU.Build.0 = Debug|Any CPU
		{642576D2-03F1-49B1-95D5-EA45A680F76E}.Release|Any CPU.ActiveCfg = Release|Any CPU
		{642576D2-03F1-49B1-95D5-EA45A680F76E}.Release|Any CPU.Build.0 = Release|Any CPU
	EndGlobalSection
	GlobalSection(SolutionProperties) = preSolution
		HideSolutionNode = FALSE
	EndGlobalSection
	GlobalSection(ExtensibilityGlobals) = postSolution
		SolutionGuid = {6ED3B020-EB4B-463F-B68B-ED1D59CB8D19}
	EndGlobalSection
EndGlobal
