
Microsoft Visual Studio Solution File, Format Version 12.00
# Visual Studio Version 16
VisualStudioVersion = 16.0.30621.155
MinimumVisualStudioVersion = 10.0.40219.1
Project("{9A19103F-16F7-4668-BE54-9A1E7A4F7556}") = "CodeTranslator", "CodeTranslatorTask\CodeTranslator.csproj", "{36784F3C-F583-4B2F-849D-884C952DB971}"
EndProject
Project("{9A19103F-16F7-4668-BE54-9A1E7A4F7556}") = "CodeTranslatorUI", "CodeTranslatorUI\CodeTranslatorUI.csproj", "{0552D4AE-55D7-4BC9-BDA3-FE1E9B7540C0}"
EndProject
Project("{9A19103F-16F7-4668-BE54-9A1E7A4F7556}") = "AbstractFactory", "AbstractFactoryTask\AbstractFactory.csproj", "{4217B099-78E7-4211-B58B-A01F6880B3A3}"
EndProject
Project("{9A19103F-16F7-4668-BE54-9A1E7A4F7556}") = "AbstractFactoryUI", "AbstractFactoryUI\AbstractFactoryUI.csproj", "{EAE8239A-ED61-43AC-9794-1472E43A47A4}"
EndProject
Global
	GlobalSection(SolutionConfigurationPlatforms) = preSolution
		Debug|Any CPU = Debug|Any CPU
		Release|Any CPU = Release|Any CPU
	EndGlobalSection
	GlobalSection(ProjectConfigurationPlatforms) = postSolution
		{36784F3C-F583-4B2F-849D-884C952DB971}.Debug|Any CPU.ActiveCfg = Debug|Any CPU
		{36784F3C-F583-4B2F-849D-884C952DB971}.Debug|Any CPU.Build.0 = Debug|Any CPU
		{36784F3C-F583-4B2F-849D-884C952DB971}.Release|Any CPU.ActiveCfg = Release|Any CPU
		{36784F3C-F583-4B2F-849D-884C952DB971}.Release|Any CPU.Build.0 = Release|Any CPU
		{0552D4AE-55D7-4BC9-BDA3-FE1E9B7540C0}.Debug|Any CPU.ActiveCfg = Debug|Any CPU
		{0552D4AE-55D7-4BC9-BDA3-FE1E9B7540C0}.Debug|Any CPU.Build.0 = Debug|Any CPU
		{0552D4AE-55D7-4BC9-BDA3-FE1E9B7540C0}.Release|Any CPU.ActiveCfg = Release|Any CPU
		{0552D4AE-55D7-4BC9-BDA3-FE1E9B7540C0}.Release|Any CPU.Build.0 = Release|Any CPU
		{4217B099-78E7-4211-B58B-A01F6880B3A3}.Debug|Any CPU.ActiveCfg = Debug|Any CPU
		{4217B099-78E7-4211-B58B-A01F6880B3A3}.Debug|Any CPU.Build.0 = Debug|Any CPU
		{4217B099-78E7-4211-B58B-A01F6880B3A3}.Release|Any CPU.ActiveCfg = Release|Any CPU
		{4217B099-78E7-4211-B58B-A01F6880B3A3}.Release|Any CPU.Build.0 = Release|Any CPU
		{EAE8239A-ED61-43AC-9794-1472E43A47A4}.Debug|Any CPU.ActiveCfg = Debug|Any CPU
		{EAE8239A-ED61-43AC-9794-1472E43A47A4}.Debug|Any CPU.Build.0 = Debug|Any CPU
		{EAE8239A-ED61-43AC-9794-1472E43A47A4}.Release|Any CPU.ActiveCfg = Release|Any CPU
		{EAE8239A-ED61-43AC-9794-1472E43A47A4}.Release|Any CPU.Build.0 = Release|Any CPU
	EndGlobalSection
	GlobalSection(SolutionProperties) = preSolution
		HideSolutionNode = FALSE
	EndGlobalSection
	GlobalSection(ExtensibilityGlobals) = postSolution
		SolutionGuid = {16CBEAF2-CDFC-4529-B6D7-94B30756212D}
	EndGlobalSection
EndGlobal
